github.com/cockroachdb/apd/v3 v3.2.0 h1:79kHCn4tO0VGu3W0WujYrMjBDk8a2H4KEUYcXf7whcg=
github.com/cockroachdb/apd/v3 v3.2.0/go.mod h1:klXJcjp+FffLTHlhIG69tezTDvdP065naDsHzKhYSqc=
github.com/govalues/decimal v0.1.0 h1:nQmM1pazhEmA3xLNn917uiealPyCYNc1vtyPXPll2Y4=
github.com/govalues/decimal v0.1.0/go.mod h1:NfqNdX/GQBotCdmXtzckjhq54itVCX1Git3psSgom8A=
github.com/lib/pq v1.10.7 h1:p7ZhMD+KsSRozJr34udlUrhboJwWAgCg34+/ZZNvZZw=
github.com/shopspring/decimal v1.3.1 h1:2Usl1nmF/WZucqkFZhnfFYxxxu8LG21F6nPQBE5gKV8=
github.com/shopspring/decimal v1.3.1/go.mod h1:DKyhrW/HYNuLGql+MJL6WCR6knT2jwCFRcu2hWCYk4o=
